// !$*UTF8*$!
{
	archiveVersion = 1;
	classes = {
	};
	objectVersion = 46;
	objects = {

/* Begin PBXBuildFile section */
		0B876BA31B14A328001CAE22 /* AppDelegate.swift in Sources */ = {isa = PBXBuildFile; fileRef = 0B876BA21B14A328001CAE22 /* AppDelegate.swift */; };
		0B876BA51B14A328001CAE22 /* ViewController.swift in Sources */ = {isa = PBXBuildFile; fileRef = 0B876BA41B14A328001CAE22 /* ViewController.swift */; };
		0B876BA81B14A328001CAE22 /* Main.storyboard in Resources */ = {isa = PBXBuildFile; fileRef = 0B876BA61B14A328001CAE22 /* Main.storyboard */; };
		0B876BAA1B14A328001CAE22 /* Images.xcassets in Resources */ = {isa = PBXBuildFile; fileRef = 0B876BA91B14A328001CAE22 /* Images.xcassets */; };
		0B876BAD1B14A328001CAE22 /* LaunchScreen.xib in Resources */ = {isa = PBXBuildFile; fileRef = 0B876BAB1B14A328001CAE22 /* LaunchScreen.xib */; };
		0B876BB91B14A328001CAE22 /* WoT_WN8_WTests.swift in Sources */ = {isa = PBXBuildFile; fileRef = 0B876BB81B14A328001CAE22 /* WoT_WN8_WTests.swift */; };
		0B876BC61B14A56B001CAE22 /* FrostedSidebar.swift in Sources */ = {isa = PBXBuildFile; fileRef = 0B876BC51B14A56B001CAE22 /* FrostedSidebar.swift */; };
		0B876BC81B14A5B5001CAE22 /* TabBarController.swift in Sources */ = {isa = PBXBuildFile; fileRef = 0B876BC71B14A5B5001CAE22 /* TabBarController.swift */; };
		0B876BCD1B14AFB9001CAE22 /* UIViewControllerMenuButtonExtension.swift in Sources */ = {isa = PBXBuildFile; fileRef = 0B876BCC1B14AFB9001CAE22 /* UIViewControllerMenuButtonExtension.swift */; };
		0B876BD11B14BA6A001CAE22 /* LoginWireFrame.swift in Sources */ = {isa = PBXBuildFile; fileRef = 0B876BD01B14BA6A001CAE22 /* LoginWireFrame.swift */; };
		0B876BD31B14BA7B001CAE22 /* LoginPresenter.swift in Sources */ = {isa = PBXBuildFile; fileRef = 0B876BD21B14BA7B001CAE22 /* LoginPresenter.swift */; };
		0B876BD51B14BA9B001CAE22 /* LoginViewController.swift in Sources */ = {isa = PBXBuildFile; fileRef = 0B876BD41B14BA9B001CAE22 /* LoginViewController.swift */; };
		0B876BD71B14BAAD001CAE22 /* LoginInteractor.swift in Sources */ = {isa = PBXBuildFile; fileRef = 0B876BD61B14BAAD001CAE22 /* LoginInteractor.swift */; };
		0B876BD91B188059001CAE22 /* UserDataStore.swift in Sources */ = {isa = PBXBuildFile; fileRef = 0B876BD81B188059001CAE22 /* UserDataStore.swift */; };
		0B876BDC1B189BBD001CAE22 /* ProfileWireFrame.swift in Sources */ = {isa = PBXBuildFile; fileRef = 0B876BDB1B189BBD001CAE22 /* ProfileWireFrame.swift */; };
		0B876BDE1B189C1F001CAE22 /* ProfilePresenter.swift in Sources */ = {isa = PBXBuildFile; fileRef = 0B876BDD1B189C1F001CAE22 /* ProfilePresenter.swift */; };
		0B876BE01B189CAE001CAE22 /* ProfileViewController.swift in Sources */ = {isa = PBXBuildFile; fileRef = 0B876BDF1B189CAE001CAE22 /* ProfileViewController.swift */; };
		0B876BE21B189D35001CAE22 /* ProfileInteractor.swift in Sources */ = {isa = PBXBuildFile; fileRef = 0B876BE11B189D35001CAE22 /* ProfileInteractor.swift */; };
		0B9928011B1C549A00E2A863 /* ExpectedValuesWireFrame.swift in Sources */ = {isa = PBXBuildFile; fileRef = 0B9928001B1C549A00E2A863 /* ExpectedValuesWireFrame.swift */; };
		0B9928031B1C54B200E2A863 /* ExpectedValuesPresenter.swift in Sources */ = {isa = PBXBuildFile; fileRef = 0B9928021B1C54B200E2A863 /* ExpectedValuesPresenter.swift */; };
		0B9928051B1C56F600E2A863 /* VehicleListViewController.swift in Sources */ = {isa = PBXBuildFile; fileRef = 0B9928041B1C56F600E2A863 /* VehicleListViewController.swift */; };
		0B9928071B1C570900E2A863 /* ExpectedValuesInteractor.swift in Sources */ = {isa = PBXBuildFile; fileRef = 0B9928061B1C570900E2A863 /* ExpectedValuesInteractor.swift */; };
		0B9928091B1C585200E2A863 /* ExpectedValuesDataStore.swift in Sources */ = {isa = PBXBuildFile; fileRef = 0B9928081B1C585200E2A863 /* ExpectedValuesDataStore.swift */; };
		0B99280B1B1C5CC700E2A863 /* ExpectedValueStruct.swift in Sources */ = {isa = PBXBuildFile; fileRef = 0B99280A1B1C5CC700E2A863 /* ExpectedValueStruct.swift */; };
		0B99280E1B1C765700E2A863 /* VehicleListInteractor.swift in Sources */ = {isa = PBXBuildFile; fileRef = 0B99280D1B1C765700E2A863 /* VehicleListInteractor.swift */; };
		0B9928101B1C7C6700E2A863 /* VehicleDataStruct.swift in Sources */ = {isa = PBXBuildFile; fileRef = 0B99280F1B1C7C6700E2A863 /* VehicleDataStruct.swift */; };
		0B9928161B1C890300E2A863 /* ExpectedValuesTableViewCell.swift in Sources */ = {isa = PBXBuildFile; fileRef = 0B9928151B1C890300E2A863 /* ExpectedValuesTableViewCell.swift */; };
		0B99281A1B1CA70B00E2A863 /* ExpectedValuesDetailsViewController.swift in Sources */ = {isa = PBXBuildFile; fileRef = 0B9928191B1CA70B00E2A863 /* ExpectedValuesDetailsViewController.swift */; };
		0B99281C1B1D97E800E2A863 /* ImageLoader.swift in Sources */ = {isa = PBXBuildFile; fileRef = 0B99281B1B1D97E800E2A863 /* ImageLoader.swift */; };
		0B99281E1B1DC45D00E2A863 /* TankMinimalDescriptionTableViewCell.xib in Resources */ = {isa = PBXBuildFile; fileRef = 0B99281D1B1DC45D00E2A863 /* TankMinimalDescriptionTableViewCell.xib */; };
		0B9928201B1DC84200E2A863 /* TankMinimalDescriptionTableViewCell.swift in Sources */ = {isa = PBXBuildFile; fileRef = 0B99281F1B1DC84200E2A863 /* TankMinimalDescriptionTableViewCell.swift */; };
		0B9928221B1EE05C00E2A863 /* VehicleListWireFrame.swift in Sources */ = {isa = PBXBuildFile; fileRef = 0B9928211B1EE05C00E2A863 /* VehicleListWireFrame.swift */; };
		0B9928241B1EE06F00E2A863 /* VehicleListPresenter.swift in Sources */ = {isa = PBXBuildFile; fileRef = 0B9928231B1EE06F00E2A863 /* VehicleListPresenter.swift */; };
		0B9928281B1EE21000E2A863 /* ExpectedValuesViewController.swift in Sources */ = {isa = PBXBuildFile; fileRef = 0B9928271B1EE21000E2A863 /* ExpectedValuesViewController.swift */; };
		0B99282B1B1EFDE900E2A863 /* ExpectedValuesNotLoggedInTableViewCell.swift in Sources */ = {isa = PBXBuildFile; fileRef = 0B9928291B1EFDE900E2A863 /* ExpectedValuesNotLoggedInTableViewCell.swift */; };
		0B99282C1B1EFDE900E2A863 /* ExpectedValuesNotLoggedInTableViewCell.xib in Resources */ = {isa = PBXBuildFile; fileRef = 0B99282A1B1EFDE900E2A863 /* ExpectedValuesNotLoggedInTableViewCell.xib */; };
		0BCA6D231B1F4B2A00505693 /* ExpectedValuesNotLoggedInBigTableViewCell.swift in Sources */ = {isa = PBXBuildFile; fileRef = 0BCA6D211B1F4B2A00505693 /* ExpectedValuesNotLoggedInBigTableViewCell.swift */; };
		0BCA6D241B1F4B2A00505693 /* ExpectedValuesNotLoggedInBigTableViewCell.xib in Resources */ = {isa = PBXBuildFile; fileRef = 0BCA6D221B1F4B2A00505693 /* ExpectedValuesNotLoggedInBigTableViewCell.xib */; };
		0BCA6D281B204BB600505693 /* ExpectedValuesMainDataTableViewCell.swift in Sources */ = {isa = PBXBuildFile; fileRef = 0BCA6D271B204BB600505693 /* ExpectedValuesMainDataTableViewCell.swift */; };
		0BCA6D2A1B204BD500505693 /* ExpectedValuesSimpleDataTableViewCell.swift in Sources */ = {isa = PBXBuildFile; fileRef = 0BCA6D291B204BD500505693 /* ExpectedValuesSimpleDataTableViewCell.swift */; };
		0BCA6D2C1B2081E400505693 /* VehiclePersonalDataInteractor.swift in Sources */ = {isa = PBXBuildFile; fileRef = 0BCA6D2B1B2081E400505693 /* VehiclePersonalDataInteractor.swift */; };
		0BCA6D2E1B2185F600505693 /* VehiclePersonalData.swift in Sources */ = {isa = PBXBuildFile; fileRef = 0BCA6D2D1B2185F500505693 /* VehiclePersonalData.swift */; };
		DA1860DB9E86970A3A3EBB23 /* Pods.framework in Frameworks */ = {isa = PBXBuildFile; fileRef = 1DBCD9CB9123CA9C98621E46 /* Pods.framework */; settings = {ATTRIBUTES = (Weak, ); }; };
/* End PBXBuildFile section */

/* Begin PBXContainerItemProxy section */
		0B876BB31B14A328001CAE22 /* PBXContainerItemProxy */ = {
			isa = PBXContainerItemProxy;
			containerPortal = 0B876B951B14A328001CAE22 /* Project object */;
			proxyType = 1;
			remoteGlobalIDString = 0B876B9C1B14A328001CAE22;
			remoteInfo = "WoT-WN8-W";
		};
/* End PBXContainerItemProxy section */

/* Begin PBXFileReference section */
		0B876B9D1B14A328001CAE22 /* WoT-WN8-W.app */ = {isa = PBXFileReference; explicitFileType = wrapper.application; includeInIndex = 0; path = "WoT-WN8-W.app"; sourceTree = BUILT_PRODUCTS_DIR; };
		0B876BA11B14A328001CAE22 /* Info.plist */ = {isa = PBXFileReference; lastKnownFileType = text.plist.xml; path = Info.plist; sourceTree = "<group>"; };
		0B876BA21B14A328001CAE22 /* AppDelegate.swift */ = {isa = PBXFileReference; lastKnownFileType = sourcecode.swift; path = AppDelegate.swift; sourceTree = "<group>"; };
		0B876BA41B14A328001CAE22 /* ViewController.swift */ = {isa = PBXFileReference; lastKnownFileType = sourcecode.swift; path = ViewController.swift; sourceTree = "<group>"; };
		0B876BA71B14A328001CAE22 /* Base */ = {isa = PBXFileReference; lastKnownFileType = file.storyboard; name = Base; path = Base.lproj/Main.storyboard; sourceTree = "<group>"; };
		0B876BA91B14A328001CAE22 /* Images.xcassets */ = {isa = PBXFileReference; lastKnownFileType = folder.assetcatalog; path = Images.xcassets; sourceTree = "<group>"; };
		0B876BAC1B14A328001CAE22 /* Base */ = {isa = PBXFileReference; lastKnownFileType = file.xib; name = Base; path = Base.lproj/LaunchScreen.xib; sourceTree = "<group>"; };
		0B876BB21B14A328001CAE22 /* WoT-WN8-WTests.xctest */ = {isa = PBXFileReference; explicitFileType = wrapper.cfbundle; includeInIndex = 0; path = "WoT-WN8-WTests.xctest"; sourceTree = BUILT_PRODUCTS_DIR; };
		0B876BB71B14A328001CAE22 /* Info.plist */ = {isa = PBXFileReference; lastKnownFileType = text.plist.xml; path = Info.plist; sourceTree = "<group>"; };
		0B876BB81B14A328001CAE22 /* WoT_WN8_WTests.swift */ = {isa = PBXFileReference; lastKnownFileType = sourcecode.swift; path = WoT_WN8_WTests.swift; sourceTree = "<group>"; };
		0B876BC51B14A56B001CAE22 /* FrostedSidebar.swift */ = {isa = PBXFileReference; fileEncoding = 4; lastKnownFileType = sourcecode.swift; name = FrostedSidebar.swift; path = FrostedSidebar/FrostedSidebar.swift; sourceTree = "<group>"; };
		0B876BC71B14A5B5001CAE22 /* TabBarController.swift */ = {isa = PBXFileReference; fileEncoding = 4; lastKnownFileType = sourcecode.swift; name = TabBarController.swift; path = FrostedSidebar/TabBarController.swift; sourceTree = "<group>"; };
		0B876BCC1B14AFB9001CAE22 /* UIViewControllerMenuButtonExtension.swift */ = {isa = PBXFileReference; fileEncoding = 4; lastKnownFileType = sourcecode.swift; name = UIViewControllerMenuButtonExtension.swift; path = Common/UIViewControllerMenuButtonExtension.swift; sourceTree = "<group>"; };
		0B876BD01B14BA6A001CAE22 /* LoginWireFrame.swift */ = {isa = PBXFileReference; fileEncoding = 4; lastKnownFileType = sourcecode.swift; name = LoginWireFrame.swift; path = Modules/Login/LoginWireFrame.swift; sourceTree = "<group>"; };
		0B876BD21B14BA7B001CAE22 /* LoginPresenter.swift */ = {isa = PBXFileReference; fileEncoding = 4; lastKnownFileType = sourcecode.swift; name = LoginPresenter.swift; path = Modules/Login/LoginPresenter.swift; sourceTree = "<group>"; };
		0B876BD41B14BA9B001CAE22 /* LoginViewController.swift */ = {isa = PBXFileReference; fileEncoding = 4; lastKnownFileType = sourcecode.swift; name = LoginViewController.swift; path = Modules/Login/LoginViewController.swift; sourceTree = "<group>"; };
		0B876BD61B14BAAD001CAE22 /* LoginInteractor.swift */ = {isa = PBXFileReference; fileEncoding = 4; lastKnownFileType = sourcecode.swift; name = LoginInteractor.swift; path = Modules/Login/LoginInteractor.swift; sourceTree = "<group>"; };
		0B876BD81B188059001CAE22 /* UserDataStore.swift */ = {isa = PBXFileReference; fileEncoding = 4; lastKnownFileType = sourcecode.swift; name = UserDataStore.swift; path = Common/UserDataStore.swift; sourceTree = "<group>"; };
		0B876BDB1B189BBD001CAE22 /* ProfileWireFrame.swift */ = {isa = PBXFileReference; fileEncoding = 4; lastKnownFileType = sourcecode.swift; name = ProfileWireFrame.swift; path = Modules/Profile/ProfileWireFrame.swift; sourceTree = "<group>"; };
		0B876BDD1B189C1F001CAE22 /* ProfilePresenter.swift */ = {isa = PBXFileReference; fileEncoding = 4; lastKnownFileType = sourcecode.swift; name = ProfilePresenter.swift; path = Modules/Profile/ProfilePresenter.swift; sourceTree = "<group>"; };
		0B876BDF1B189CAE001CAE22 /* ProfileViewController.swift */ = {isa = PBXFileReference; fileEncoding = 4; lastKnownFileType = sourcecode.swift; name = ProfileViewController.swift; path = Modules/Profile/ProfileViewController.swift; sourceTree = "<group>"; };
		0B876BE11B189D35001CAE22 /* ProfileInteractor.swift */ = {isa = PBXFileReference; fileEncoding = 4; lastKnownFileType = sourcecode.swift; name = ProfileInteractor.swift; path = Modules/Profile/ProfileInteractor.swift; sourceTree = "<group>"; };
		0B9928001B1C549A00E2A863 /* ExpectedValuesWireFrame.swift */ = {isa = PBXFileReference; fileEncoding = 4; lastKnownFileType = sourcecode.swift; name = ExpectedValuesWireFrame.swift; path = Modules/ExpectedValues/ExpectedValuesWireFrame.swift; sourceTree = "<group>"; };
		0B9928021B1C54B200E2A863 /* ExpectedValuesPresenter.swift */ = {isa = PBXFileReference; fileEncoding = 4; lastKnownFileType = sourcecode.swift; name = ExpectedValuesPresenter.swift; path = Modules/ExpectedValues/ExpectedValuesPresenter.swift; sourceTree = "<group>"; };
		0B9928041B1C56F600E2A863 /* VehicleListViewController.swift */ = {isa = PBXFileReference; fileEncoding = 4; lastKnownFileType = sourcecode.swift; name = VehicleListViewController.swift; path = Modules/ExpectedValues/VehicleListViewController.swift; sourceTree = "<group>"; };
		0B9928061B1C570900E2A863 /* ExpectedValuesInteractor.swift */ = {isa = PBXFileReference; fileEncoding = 4; lastKnownFileType = sourcecode.swift; name = ExpectedValuesInteractor.swift; path = Modules/ExpectedValues/ExpectedValuesInteractor.swift; sourceTree = "<group>"; };
		0B9928081B1C585200E2A863 /* ExpectedValuesDataStore.swift */ = {isa = PBXFileReference; fileEncoding = 4; lastKnownFileType = sourcecode.swift; name = ExpectedValuesDataStore.swift; path = Modules/ExpectedValues/ExpectedValuesDataStore.swift; sourceTree = "<group>"; };
		0B99280A1B1C5CC700E2A863 /* ExpectedValueStruct.swift */ = {isa = PBXFileReference; fileEncoding = 4; lastKnownFileType = sourcecode.swift; name = ExpectedValueStruct.swift; path = Modules/ExpectedValues/ExpectedValueStruct.swift; sourceTree = "<group>"; };
		0B99280D1B1C765700E2A863 /* VehicleListInteractor.swift */ = {isa = PBXFileReference; fileEncoding = 4; lastKnownFileType = sourcecode.swift; name = VehicleListInteractor.swift; path = Modules/VehiclesList/VehicleListInteractor.swift; sourceTree = "<group>"; };
		0B99280F1B1C7C6700E2A863 /* VehicleDataStruct.swift */ = {isa = PBXFileReference; fileEncoding = 4; lastKnownFileType = sourcecode.swift; name = VehicleDataStruct.swift; path = Modules/VehiclesList/VehicleDataStruct.swift; sourceTree = "<group>"; };
		0B9928151B1C890300E2A863 /* ExpectedValuesTableViewCell.swift */ = {isa = PBXFileReference; fileEncoding = 4; lastKnownFileType = sourcecode.swift; name = ExpectedValuesTableViewCell.swift; path = Modules/ExpectedValues/ExpectedValuesTableViewCell.swift; sourceTree = "<group>"; };
		0B9928191B1CA70B00E2A863 /* ExpectedValuesDetailsViewController.swift */ = {isa = PBXFileReference; fileEncoding = 4; lastKnownFileType = sourcecode.swift; name = ExpectedValuesDetailsViewController.swift; path = Modules/ExpectedValues/ExpectedValuesDetailsViewController.swift; sourceTree = "<group>"; };
		0B99281B1B1D97E800E2A863 /* ImageLoader.swift */ = {isa = PBXFileReference; fileEncoding = 4; lastKnownFileType = sourcecode.swift; name = ImageLoader.swift; path = Common/ImageLoader.swift; sourceTree = "<group>"; };
		0B99281D1B1DC45D00E2A863 /* TankMinimalDescriptionTableViewCell.xib */ = {isa = PBXFileReference; fileEncoding = 4; lastKnownFileType = file.xib; name = TankMinimalDescriptionTableViewCell.xib; path = Common/TankMinimalDescriptionTableViewCell.xib; sourceTree = "<group>"; };
		0B99281F1B1DC84200E2A863 /* TankMinimalDescriptionTableViewCell.swift */ = {isa = PBXFileReference; fileEncoding = 4; lastKnownFileType = sourcecode.swift; name = TankMinimalDescriptionTableViewCell.swift; path = Common/TankMinimalDescriptionTableViewCell.swift; sourceTree = "<group>"; };
		0B9928211B1EE05C00E2A863 /* VehicleListWireFrame.swift */ = {isa = PBXFileReference; fileEncoding = 4; lastKnownFileType = sourcecode.swift; name = VehicleListWireFrame.swift; path = Modules/VehiclesList/VehicleListWireFrame.swift; sourceTree = "<group>"; };
		0B9928231B1EE06F00E2A863 /* VehicleListPresenter.swift */ = {isa = PBXFileReference; fileEncoding = 4; lastKnownFileType = sourcecode.swift; name = VehicleListPresenter.swift; path = Modules/VehiclesList/VehicleListPresenter.swift; sourceTree = "<group>"; };
		0B9928271B1EE21000E2A863 /* ExpectedValuesViewController.swift */ = {isa = PBXFileReference; fileEncoding = 4; lastKnownFileType = sourcecode.swift; name = ExpectedValuesViewController.swift; path = Modules/ExpectedValues/ExpectedValuesViewController.swift; sourceTree = "<group>"; };
		0B9928291B1EFDE900E2A863 /* ExpectedValuesNotLoggedInTableViewCell.swift */ = {isa = PBXFileReference; fileEncoding = 4; lastKnownFileType = sourcecode.swift; name = ExpectedValuesNotLoggedInTableViewCell.swift; path = Common/ExpectedValuesNotLoggedInTableViewCell.swift; sourceTree = "<group>"; };
		0B99282A1B1EFDE900E2A863 /* ExpectedValuesNotLoggedInTableViewCell.xib */ = {isa = PBXFileReference; fileEncoding = 4; lastKnownFileType = file.xib; name = ExpectedValuesNotLoggedInTableViewCell.xib; path = Common/ExpectedValuesNotLoggedInTableViewCell.xib; sourceTree = "<group>"; };
		0BCA6D211B1F4B2A00505693 /* ExpectedValuesNotLoggedInBigTableViewCell.swift */ = {isa = PBXFileReference; fileEncoding = 4; lastKnownFileType = sourcecode.swift; name = ExpectedValuesNotLoggedInBigTableViewCell.swift; path = Common/ExpectedValuesNotLoggedInBigTableViewCell.swift; sourceTree = "<group>"; };
		0BCA6D221B1F4B2A00505693 /* ExpectedValuesNotLoggedInBigTableViewCell.xib */ = {isa = PBXFileReference; fileEncoding = 4; lastKnownFileType = file.xib; name = ExpectedValuesNotLoggedInBigTableViewCell.xib; path = Common/ExpectedValuesNotLoggedInBigTableViewCell.xib; sourceTree = "<group>"; };
		0BCA6D271B204BB600505693 /* ExpectedValuesMainDataTableViewCell.swift */ = {isa = PBXFileReference; fileEncoding = 4; lastKnownFileType = sourcecode.swift; name = ExpectedValuesMainDataTableViewCell.swift; path = Modules/ExpectedValues/ExpectedValuesMainDataTableViewCell.swift; sourceTree = "<group>"; };
		0BCA6D291B204BD500505693 /* ExpectedValuesSimpleDataTableViewCell.swift */ = {isa = PBXFileReference; fileEncoding = 4; lastKnownFileType = sourcecode.swift; name = ExpectedValuesSimpleDataTableViewCell.swift; path = Modules/ExpectedValues/ExpectedValuesSimpleDataTableViewCell.swift; sourceTree = "<group>"; };
		0BCA6D2B1B2081E400505693 /* VehiclePersonalDataInteractor.swift */ = {isa = PBXFileReference; fileEncoding = 4; lastKnownFileType = sourcecode.swift; name = VehiclePersonalDataInteractor.swift; path = Modules/ExpectedValues/VehiclePersonalDataInteractor.swift; sourceTree = "<group>"; };
		0BCA6D2D1B2185F500505693 /* VehiclePersonalData.swift */ = {isa = PBXFileReference; fileEncoding = 4; lastKnownFileType = sourcecode.swift; path = VehiclePersonalData.swift; sourceTree = "<group>"; };
		102BFC70223F90978F5FA3DD /* Pods.release.xcconfig */ = {isa = PBXFileReference; includeInIndex = 1; lastKnownFileType = text.xcconfig; name = Pods.release.xcconfig; path = "../Pods/Target Support Files/Pods/Pods.release.xcconfig"; sourceTree = "<group>"; };
		1DBCD9CB9123CA9C98621E46 /* Pods.framework */ = {isa = PBXFileReference; explicitFileType = wrapper.framework; includeInIndex = 0; path = Pods.framework; sourceTree = BUILT_PRODUCTS_DIR; };
		7BB0901A16F5499B0CDAE8D5 /* Pods.debug.xcconfig */ = {isa = PBXFileReference; includeInIndex = 1; lastKnownFileType = text.xcconfig; name = Pods.debug.xcconfig; path = "../Pods/Target Support Files/Pods/Pods.debug.xcconfig"; sourceTree = "<group>"; };
/* End PBXFileReference section */

/* Begin PBXFrameworksBuildPhase section */
		0B876B9A1B14A328001CAE22 /* Frameworks */ = {
			isa = PBXFrameworksBuildPhase;
			buildActionMask = 2147483647;
			files = (
				DA1860DB9E86970A3A3EBB23 /* Pods.framework in Frameworks */,
			);
			runOnlyForDeploymentPostprocessing = 0;
		};
		0B876BAF1B14A328001CAE22 /* Frameworks */ = {
			isa = PBXFrameworksBuildPhase;
			buildActionMask = 2147483647;
			files = (
			);
			runOnlyForDeploymentPostprocessing = 0;
		};
/* End PBXFrameworksBuildPhase section */

/* Begin PBXGroup section */
		0B876B941B14A328001CAE22 = {
			isa = PBXGroup;
			children = (
				0B876B9F1B14A328001CAE22 /* WoT-WN8-W */,
				0B876BB51B14A328001CAE22 /* WoT-WN8-WTests */,
				0B876B9E1B14A328001CAE22 /* Products */,
				CB26EF562E3C0C7619A0575A /* Pods */,
				D180DC6EF4C2A6C350A31A6D /* Frameworks */,
			);
			sourceTree = "<group>";
		};
		0B876B9E1B14A328001CAE22 /* Products */ = {
			isa = PBXGroup;
			children = (
				0B876B9D1B14A328001CAE22 /* WoT-WN8-W.app */,
				0B876BB21B14A328001CAE22 /* WoT-WN8-WTests.xctest */,
			);
			name = Products;
			sourceTree = "<group>";
		};
		0B876B9F1B14A328001CAE22 /* WoT-WN8-W */ = {
			isa = PBXGroup;
			children = (
				0B876BCE1B14B83E001CAE22 /* Modules */,
				0B876BCB1B14AC5C001CAE22 /* Common */,
				0B876BC21B14A52B001CAE22 /* FrostedSidebar */,
				0B876BA21B14A328001CAE22 /* AppDelegate.swift */,
				0B876BA41B14A328001CAE22 /* ViewController.swift */,
				0B876BA61B14A328001CAE22 /* Main.storyboard */,
				0B876BA91B14A328001CAE22 /* Images.xcassets */,
				0B876BAB1B14A328001CAE22 /* LaunchScreen.xib */,
				0B876BA01B14A328001CAE22 /* Supporting Files */,
			);
			path = "WoT-WN8-W";
			sourceTree = "<group>";
		};
		0B876BA01B14A328001CAE22 /* Supporting Files */ = {
			isa = PBXGroup;
			children = (
				0B876BA11B14A328001CAE22 /* Info.plist */,
			);
			name = "Supporting Files";
			sourceTree = "<group>";
		};
		0B876BB51B14A328001CAE22 /* WoT-WN8-WTests */ = {
			isa = PBXGroup;
			children = (
				0B876BB81B14A328001CAE22 /* WoT_WN8_WTests.swift */,
				0B876BB61B14A328001CAE22 /* Supporting Files */,
			);
			path = "WoT-WN8-WTests";
			sourceTree = "<group>";
		};
		0B876BB61B14A328001CAE22 /* Supporting Files */ = {
			isa = PBXGroup;
			children = (
				0B876BB71B14A328001CAE22 /* Info.plist */,
			);
			name = "Supporting Files";
			sourceTree = "<group>";
		};
		0B876BC21B14A52B001CAE22 /* FrostedSidebar */ = {
			isa = PBXGroup;
			children = (
				0B876BC71B14A5B5001CAE22 /* TabBarController.swift */,
				0B876BC51B14A56B001CAE22 /* FrostedSidebar.swift */,
			);
			name = FrostedSidebar;
			sourceTree = "<group>";
		};
		0B876BCB1B14AC5C001CAE22 /* Common */ = {
			isa = PBXGroup;
			children = (
				0B99281F1B1DC84200E2A863 /* TankMinimalDescriptionTableViewCell.swift */,
				0B99281D1B1DC45D00E2A863 /* TankMinimalDescriptionTableViewCell.xib */,
				0B876BCC1B14AFB9001CAE22 /* UIViewControllerMenuButtonExtension.swift */,
				0B876BD81B188059001CAE22 /* UserDataStore.swift */,
				0B99281B1B1D97E800E2A863 /* ImageLoader.swift */,
				0B9928291B1EFDE900E2A863 /* ExpectedValuesNotLoggedInTableViewCell.swift */,
				0B99282A1B1EFDE900E2A863 /* ExpectedValuesNotLoggedInTableViewCell.xib */,
				0BCA6D211B1F4B2A00505693 /* ExpectedValuesNotLoggedInBigTableViewCell.swift */,
				0BCA6D221B1F4B2A00505693 /* ExpectedValuesNotLoggedInBigTableViewCell.xib */,
			);
			name = Common;
			sourceTree = "<group>";
		};
		0B876BCE1B14B83E001CAE22 /* Modules */ = {
			isa = PBXGroup;
			children = (
				0B876BCF1B14B845001CAE22 /* Login */,
				0B876BDA1B189843001CAE22 /* Profile */,
				0B9927FF1B1C546A00E2A863 /* ExpectedValues */,
				0B99280C1B1C761400E2A863 /* VehiclesList */,
			);
			name = Modules;
			sourceTree = "<group>";
		};
		0B876BCF1B14B845001CAE22 /* Login */ = {
			isa = PBXGroup;
			children = (
				0B876BD01B14BA6A001CAE22 /* LoginWireFrame.swift */,
				0B876BD21B14BA7B001CAE22 /* LoginPresenter.swift */,
				0B876BD41B14BA9B001CAE22 /* LoginViewController.swift */,
				0B876BD61B14BAAD001CAE22 /* LoginInteractor.swift */,
			);
			name = Login;
			sourceTree = "<group>";
		};
		0B876BDA1B189843001CAE22 /* Profile */ = {
			isa = PBXGroup;
			children = (
				0B876BDB1B189BBD001CAE22 /* ProfileWireFrame.swift */,
				0B876BDD1B189C1F001CAE22 /* ProfilePresenter.swift */,
				0B876BDF1B189CAE001CAE22 /* ProfileViewController.swift */,
				0B876BE11B189D35001CAE22 /* ProfileInteractor.swift */,
			);
			name = Profile;
			sourceTree = "<group>";
		};
		0B9927FF1B1C546A00E2A863 /* ExpectedValues */ = {
			isa = PBXGroup;
			children = (
				0B9928001B1C549A00E2A863 /* ExpectedValuesWireFrame.swift */,
				0B9928021B1C54B200E2A863 /* ExpectedValuesPresenter.swift */,
				0B9928271B1EE21000E2A863 /* ExpectedValuesViewController.swift */,
				0B9928151B1C890300E2A863 /* ExpectedValuesTableViewCell.swift */,
				0B9928061B1C570900E2A863 /* ExpectedValuesInteractor.swift */,
				0B9928081B1C585200E2A863 /* ExpectedValuesDataStore.swift */,
				0B99280A1B1C5CC700E2A863 /* ExpectedValueStruct.swift */,
				0B9928191B1CA70B00E2A863 /* ExpectedValuesDetailsViewController.swift */,
				0BCA6D271B204BB600505693 /* ExpectedValuesMainDataTableViewCell.swift */,
				0BCA6D291B204BD500505693 /* ExpectedValuesSimpleDataTableViewCell.swift */,
				0BCA6D2B1B2081E400505693 /* VehiclePersonalDataInteractor.swift */,
				0BCA6D2D1B2185F500505693 /* VehiclePersonalData.swift */,
			);
			name = ExpectedValues;
			sourceTree = "<group>";
		};
		0B99280C1B1C761400E2A863 /* VehiclesList */ = {
			isa = PBXGroup;
			children = (
				0B9928211B1EE05C00E2A863 /* VehicleListWireFrame.swift */,
				0B9928231B1EE06F00E2A863 /* VehicleListPresenter.swift */,
				0B9928041B1C56F600E2A863 /* VehicleListViewController.swift */,
				0B99280D1B1C765700E2A863 /* VehicleListInteractor.swift */,
				0B99280F1B1C7C6700E2A863 /* VehicleDataStruct.swift */,
			);
			name = VehiclesList;
			sourceTree = "<group>";
		};
		CB26EF562E3C0C7619A0575A /* Pods */ = {
			isa = PBXGroup;
			children = (
				7BB0901A16F5499B0CDAE8D5 /* Pods.debug.xcconfig */,
				102BFC70223F90978F5FA3DD /* Pods.release.xcconfig */,
			);
			name = Pods;
			sourceTree = "<group>";
		};
		D180DC6EF4C2A6C350A31A6D /* Frameworks */ = {
			isa = PBXGroup;
			children = (
				1DBCD9CB9123CA9C98621E46 /* Pods.framework */,
			);
			name = Frameworks;
			sourceTree = "<group>";
		};
/* End PBXGroup section */

/* Begin PBXNativeTarget section */
		0B876B9C1B14A328001CAE22 /* WoT-WN8-W */ = {
			isa = PBXNativeTarget;
			buildConfigurationList = 0B876BBC1B14A328001CAE22 /* Build configuration list for PBXNativeTarget "WoT-WN8-W" */;
			buildPhases = (
				8C70DD3F5EBCC9DE96D96D5C /* Check Pods Manifest.lock */,
				0B876B991B14A328001CAE22 /* Sources */,
				0B876B9A1B14A328001CAE22 /* Frameworks */,
				0B876B9B1B14A328001CAE22 /* Resources */,
				B055BACD196CFB4470B0B110 /* Embed Pods Frameworks */,
				08DB578574B27D81FAD05237 /* Copy Pods Resources */,
			);
			buildRules = (
			);
			dependencies = (
			);
			name = "WoT-WN8-W";
			productName = "WoT-WN8-W";
			productReference = 0B876B9D1B14A328001CAE22 /* WoT-WN8-W.app */;
			productType = "com.apple.product-type.application";
		};
		0B876BB11B14A328001CAE22 /* WoT-WN8-WTests */ = {
			isa = PBXNativeTarget;
			buildConfigurationList = 0B876BBF1B14A328001CAE22 /* Build configuration list for PBXNativeTarget "WoT-WN8-WTests" */;
			buildPhases = (
				0B876BAE1B14A328001CAE22 /* Sources */,
				0B876BAF1B14A328001CAE22 /* Frameworks */,
				0B876BB01B14A328001CAE22 /* Resources */,
			);
			buildRules = (
			);
			dependencies = (
				0B876BB41B14A328001CAE22 /* PBXTargetDependency */,
			);
			name = "WoT-WN8-WTests";
			productName = "WoT-WN8-WTests";
			productReference = 0B876BB21B14A328001CAE22 /* WoT-WN8-WTests.xctest */;
			productType = "com.apple.product-type.bundle.unit-test";
		};
/* End PBXNativeTarget section */

/* Begin PBXProject section */
		0B876B951B14A328001CAE22 /* Project object */ = {
			isa = PBXProject;
			attributes = {
				LastUpgradeCheck = 0640;
				ORGANIZATIONNAME = "Farkas Marton Imre";
				TargetAttributes = {
					0B876B9C1B14A328001CAE22 = {
						CreatedOnToolsVersion = 6.4;
					};
					0B876BB11B14A328001CAE22 = {
						CreatedOnToolsVersion = 6.4;
						TestTargetID = 0B876B9C1B14A328001CAE22;
					};
				};
			};
			buildConfigurationList = 0B876B981B14A328001CAE22 /* Build configuration list for PBXProject "WoT-WN8-W" */;
			compatibilityVersion = "Xcode 3.2";
			developmentRegion = English;
			hasScannedForEncodings = 0;
			knownRegions = (
				en,
				Base,
			);
			mainGroup = 0B876B941B14A328001CAE22;
			productRefGroup = 0B876B9E1B14A328001CAE22 /* Products */;
			projectDirPath = "";
			projectRoot = "";
			targets = (
				0B876B9C1B14A328001CAE22 /* WoT-WN8-W */,
				0B876BB11B14A328001CAE22 /* WoT-WN8-WTests */,
			);
		};
/* End PBXProject section */

/* Begin PBXResourcesBuildPhase section */
		0B876B9B1B14A328001CAE22 /* Resources */ = {
			isa = PBXResourcesBuildPhase;
			buildActionMask = 2147483647;
			files = (
				0B99281E1B1DC45D00E2A863 /* TankMinimalDescriptionTableViewCell.xib in Resources */,
				0B99282C1B1EFDE900E2A863 /* ExpectedValuesNotLoggedInTableViewCell.xib in Resources */,
				0B876BA81B14A328001CAE22 /* Main.storyboard in Resources */,
				0BCA6D241B1F4B2A00505693 /* ExpectedValuesNotLoggedInBigTableViewCell.xib in Resources */,
				0B876BAD1B14A328001CAE22 /* LaunchScreen.xib in Resources */,
				0B876BAA1B14A328001CAE22 /* Images.xcassets in Resources */,
			);
			runOnlyForDeploymentPostprocessing = 0;
		};
		0B876BB01B14A328001CAE22 /* Resources */ = {
			isa = PBXResourcesBuildPhase;
			buildActionMask = 2147483647;
			files = (
			);
			runOnlyForDeploymentPostprocessing = 0;
		};
/* End PBXResourcesBuildPhase section */

/* Begin PBXShellScriptBuildPhase section */
		08DB578574B27D81FAD05237 /* Copy Pods Resources */ = {
			isa = PBXShellScriptBuildPhase;
			buildActionMask = 2147483647;
			files = (
			);
			inputPaths = (
			);
			name = "Copy Pods Resources";
			outputPaths = (
			);
			runOnlyForDeploymentPostprocessing = 0;
			shellPath = /bin/sh;
			shellScript = "\"${SRCROOT}/../Pods/Target Support Files/Pods/Pods-resources.sh\"\n";
			showEnvVarsInLog = 0;
		};
		8C70DD3F5EBCC9DE96D96D5C /* Check Pods Manifest.lock */ = {
			isa = PBXShellScriptBuildPhase;
			buildActionMask = 2147483647;
			files = (
			);
			inputPaths = (
			);
			name = "Check Pods Manifest.lock";
			outputPaths = (
			);
			runOnlyForDeploymentPostprocessing = 0;
			shellPath = /bin/sh;
			shellScript = "diff \"${PODS_ROOT}/../Podfile.lock\" \"${PODS_ROOT}/Manifest.lock\" > /dev/null\nif [[ $? != 0 ]] ; then\n    cat << EOM\nerror: The sandbox is not in sync with the Podfile.lock. Run 'pod install' or update your CocoaPods installation.\nEOM\n    exit 1\nfi\n";
			showEnvVarsInLog = 0;
		};
		B055BACD196CFB4470B0B110 /* Embed Pods Frameworks */ = {
			isa = PBXShellScriptBuildPhase;
			buildActionMask = 2147483647;
			files = (
			);
			inputPaths = (
			);
			name = "Embed Pods Frameworks";
			outputPaths = (
			);
			runOnlyForDeploymentPostprocessing = 0;
			shellPath = /bin/sh;
			shellScript = "\"${SRCROOT}/../Pods/Target Support Files/Pods/Pods-frameworks.sh\"\n";
			showEnvVarsInLog = 0;
		};
/* End PBXShellScriptBuildPhase section */

/* Begin PBXSourcesBuildPhase section */
		0B876B991B14A328001CAE22 /* Sources */ = {
			isa = PBXSourcesBuildPhase;
			buildActionMask = 2147483647;
			files = (
				0B876BC61B14A56B001CAE22 /* FrostedSidebar.swift in Sources */,
				0B876BC81B14A5B5001CAE22 /* TabBarController.swift in Sources */,
				0B9928031B1C54B200E2A863 /* ExpectedValuesPresenter.swift in Sources */,
				0B876BDE1B189C1F001CAE22 /* ProfilePresenter.swift in Sources */,
				0BCA6D2A1B204BD500505693 /* ExpectedValuesSimpleDataTableViewCell.swift in Sources */,
				0B9928281B1EE21000E2A863 /* ExpectedValuesViewController.swift in Sources */,
				0B99280E1B1C765700E2A863 /* VehicleListInteractor.swift in Sources */,
				0B9928161B1C890300E2A863 /* ExpectedValuesTableViewCell.swift in Sources */,
				0B99280B1B1C5CC700E2A863 /* ExpectedValueStruct.swift in Sources */,
				0BCA6D281B204BB600505693 /* ExpectedValuesMainDataTableViewCell.swift in Sources */,
				0B876BD31B14BA7B001CAE22 /* LoginPresenter.swift in Sources */,
				0B876BCD1B14AFB9001CAE22 /* UIViewControllerMenuButtonExtension.swift in Sources */,
				0BCA6D2C1B2081E400505693 /* VehiclePersonalDataInteractor.swift in Sources */,
				0B9928221B1EE05C00E2A863 /* VehicleListWireFrame.swift in Sources */,
				0B9928091B1C585200E2A863 /* ExpectedValuesDataStore.swift in Sources */,
				0BCA6D231B1F4B2A00505693 /* ExpectedValuesNotLoggedInBigTableViewCell.swift in Sources */,
				0B99282B1B1EFDE900E2A863 /* ExpectedValuesNotLoggedInTableViewCell.swift in Sources */,
				0B9928051B1C56F600E2A863 /* VehicleListViewController.swift in Sources */,
				0B876BDC1B189BBD001CAE22 /* ProfileWireFrame.swift in Sources */,
				0B876BE21B189D35001CAE22 /* ProfileInteractor.swift in Sources */,
				0B876BD51B14BA9B001CAE22 /* LoginViewController.swift in Sources */,
				0B9928071B1C570900E2A863 /* ExpectedValuesInteractor.swift in Sources */,
				0BCA6D2E1B2185F600505693 /* VehiclePersonalData.swift in Sources */,
				0B876BA51B14A328001CAE22 /* ViewController.swift in Sources */,
				0B9928241B1EE06F00E2A863 /* VehicleListPresenter.swift in Sources */,
				0B876BD11B14BA6A001CAE22 /* LoginWireFrame.swift in Sources */,
				0B99281C1B1D97E800E2A863 /* ImageLoader.swift in Sources */,
				0B9928201B1DC84200E2A863 /* TankMinimalDescriptionTableViewCell.swift in Sources */,
				0B876BA31B14A328001CAE22 /* AppDelegate.swift in Sources */,
				0B876BE01B189CAE001CAE22 /* ProfileViewController.swift in Sources */,
				0B99281A1B1CA70B00E2A863 /* ExpectedValuesDetailsViewController.swift in Sources */,
				0B9928011B1C549A00E2A863 /* ExpectedValuesWireFrame.swift in Sources */,
				0B9928101B1C7C6700E2A863 /* VehicleDataStruct.swift in Sources */,
				0B876BD91B188059001CAE22 /* UserDataStore.swift in Sources */,
				0B876BD71B14BAAD001CAE22 /* LoginInteractor.swift in Sources */,
			);
			runOnlyForDeploymentPostprocessing = 0;
		};
		0B876BAE1B14A328001CAE22 /* Sources */ = {
			isa = PBXSourcesBuildPhase;
			buildActionMask = 2147483647;
			files = (
				0B876BB91B14A328001CAE22 /* WoT_WN8_WTests.swift in Sources */,
			);
			runOnlyForDeploymentPostprocessing = 0;
		};
/* End PBXSourcesBuildPhase section */

/* Begin PBXTargetDependency section */
		0B876BB41B14A328001CAE22 /* PBXTargetDependency */ = {
			isa = PBXTargetDependency;
			target = 0B876B9C1B14A328001CAE22 /* WoT-WN8-W */;
			targetProxy = 0B876BB31B14A328001CAE22 /* PBXContainerItemProxy */;
		};
/* End PBXTargetDependency section */

/* Begin PBXVariantGroup section */
		0B876BA61B14A328001CAE22 /* Main.storyboard */ = {
			isa = PBXVariantGroup;
			children = (
				0B876BA71B14A328001CAE22 /* Base */,
			);
			name = Main.storyboard;
			sourceTree = "<group>";
		};
		0B876BAB1B14A328001CAE22 /* LaunchScreen.xib */ = {
			isa = PBXVariantGroup;
			children = (
				0B876BAC1B14A328001CAE22 /* Base */,
			);
			name = LaunchScreen.xib;
			sourceTree = "<group>";
		};
/* End PBXVariantGroup section */

/* Begin XCBuildConfiguration section */
		0B876BBA1B14A328001CAE22 /* Debug */ = {
			isa = XCBuildConfiguration;
			buildSettings = {
				ALWAYS_SEARCH_USER_PATHS = NO;
				CLANG_CXX_LANGUAGE_STANDARD = "gnu++0x";
				CLANG_CXX_LIBRARY = "libc++";
				CLANG_ENABLE_MODULES = YES;
				CLANG_ENABLE_OBJC_ARC = YES;
				CLANG_WARN_BOOL_CONVERSION = YES;
				CLANG_WARN_CONSTANT_CONVERSION = YES;
				CLANG_WARN_DIRECT_OBJC_ISA_USAGE = YES_ERROR;
				CLANG_WARN_EMPTY_BODY = YES;
				CLANG_WARN_ENUM_CONVERSION = YES;
				CLANG_WARN_INT_CONVERSION = YES;
				CLANG_WARN_OBJC_ROOT_CLASS = YES_ERROR;
				CLANG_WARN_UNREACHABLE_CODE = YES;
				CLANG_WARN__DUPLICATE_METHOD_MATCH = YES;
				"CODE_SIGN_IDENTITY[sdk=iphoneos*]" = "iPhone Developer";
				COPY_PHASE_STRIP = NO;
				DEBUG_INFORMATION_FORMAT = "dwarf-with-dsym";
				ENABLE_STRICT_OBJC_MSGSEND = YES;
				GCC_C_LANGUAGE_STANDARD = gnu99;
				GCC_DYNAMIC_NO_PIC = NO;
				GCC_NO_COMMON_BLOCKS = YES;
				GCC_OPTIMIZATION_LEVEL = 0;
				GCC_PREPROCESSOR_DEFINITIONS = (
					"DEBUG=1",
					"$(inherited)",
				);
				GCC_SYMBOLS_PRIVATE_EXTERN = NO;
				GCC_WARN_64_TO_32_BIT_CONVERSION = YES;
				GCC_WARN_ABOUT_RETURN_TYPE = YES_ERROR;
				GCC_WARN_UNDECLARED_SELECTOR = YES;
				GCC_WARN_UNINITIALIZED_AUTOS = YES_AGGRESSIVE;
				GCC_WARN_UNUSED_FUNCTION = YES;
				GCC_WARN_UNUSED_VARIABLE = YES;
				IPHONEOS_DEPLOYMENT_TARGET = 8.4;
				MTL_ENABLE_DEBUG_INFO = YES;
				ONLY_ACTIVE_ARCH = YES;
				SDKROOT = iphoneos;
				SWIFT_OPTIMIZATION_LEVEL = "-Onone";
			};
			name = Debug;
		};
		0B876BBB1B14A328001CAE22 /* Release */ = {
			isa = XCBuildConfiguration;
			buildSettings = {
				ALWAYS_SEARCH_USER_PATHS = NO;
				CLANG_CXX_LANGUAGE_STANDARD = "gnu++0x";
				CLANG_CXX_LIBRARY = "libc++";
				CLANG_ENABLE_MODULES = YES;
				CLANG_ENABLE_OBJC_ARC = YES;
				CLANG_WARN_BOOL_CONVERSION = YES;
				CLANG_WARN_CONSTANT_CONVERSION = YES;
				CLANG_WARN_DIRECT_OBJC_ISA_USAGE = YES_ERROR;
				CLANG_WARN_EMPTY_BODY = YES;
				CLANG_WARN_ENUM_CONVERSION = YES;
				CLANG_WARN_INT_CONVERSION = YES;
				CLANG_WARN_OBJC_ROOT_CLASS = YES_ERROR;
				CLANG_WARN_UNREACHABLE_CODE = YES;
				CLANG_WARN__DUPLICATE_METHOD_MATCH = YES;
				"CODE_SIGN_IDENTITY[sdk=iphoneos*]" = "iPhone Developer";
				COPY_PHASE_STRIP = NO;
				DEBUG_INFORMATION_FORMAT = "dwarf-with-dsym";
				ENABLE_NS_ASSERTIONS = NO;
				ENABLE_STRICT_OBJC_MSGSEND = YES;
				GCC_C_LANGUAGE_STANDARD = gnu99;
				GCC_NO_COMMON_BLOCKS = YES;
				GCC_WARN_64_TO_32_BIT_CONVERSION = YES;
				GCC_WARN_ABOUT_RETURN_TYPE = YES_ERROR;
				GCC_WARN_UNDECLARED_SELECTOR = YES;
				GCC_WARN_UNINITIALIZED_AUTOS = YES_AGGRESSIVE;
				GCC_WARN_UNUSED_FUNCTION = YES;
				GCC_WARN_UNUSED_VARIABLE = YES;
				IPHONEOS_DEPLOYMENT_TARGET = 8.4;
				MTL_ENABLE_DEBUG_INFO = NO;
				SDKROOT = iphoneos;
				VALIDATE_PRODUCT = YES;
			};
			name = Release;
		};
		0B876BBD1B14A328001CAE22 /* Debug */ = {
			isa = XCBuildConfiguration;
			baseConfigurationReference = 7BB0901A16F5499B0CDAE8D5 /* Pods.debug.xcconfig */;
			buildSettings = {
				ASSETCATALOG_COMPILER_APPICON_NAME = AppIcon;
				INFOPLIST_FILE = "WoT-WN8-W/Info.plist";
				LD_RUNPATH_SEARCH_PATHS = "$(inherited) @executable_path/Frameworks";
				PRODUCT_NAME = "$(TARGET_NAME)";
			};
			name = Debug;
		};
		0B876BBE1B14A328001CAE22 /* Release */ = {
			isa = XCBuildConfiguration;
			baseConfigurationReference = 102BFC70223F90978F5FA3DD /* Pods.release.xcconfig */;
			buildSettings = {
				ASSETCATALOG_COMPILER_APPICON_NAME = AppIcon;
				INFOPLIST_FILE = "WoT-WN8-W/Info.plist";
				LD_RUNPATH_SEARCH_PATHS = "$(inherited) @executable_path/Frameworks";
				PRODUCT_NAME = "$(TARGET_NAME)";
			};
			name = Release;
		};
		0B876BC01B14A328001CAE22 /* Debug */ = {
			isa = XCBuildConfiguration;
			buildSettings = {
				BUNDLE_LOADER = "$(TEST_HOST)";
				FRAMEWORK_SEARCH_PATHS = (
					"$(SDKROOT)/Developer/Library/Frameworks",
					"$(inherited)",
				);
				GCC_PREPROCESSOR_DEFINITIONS = (
					"DEBUG=1",
					"$(inherited)",
				);
				INFOPLIST_FILE = "WoT-WN8-WTests/Info.plist";
				LD_RUNPATH_SEARCH_PATHS = "$(inherited) @executable_path/Frameworks @loader_path/Frameworks";
				PRODUCT_NAME = "$(TARGET_NAME)";
				TEST_HOST = "$(BUILT_PRODUCTS_DIR)/WoT-WN8-W.app/WoT-WN8-W";
			};
			name = Debug;
		};
		0B876BC11B14A328001CAE22 /* Release */ = {
			isa = XCBuildConfiguration;
			buildSettings = {
				BUNDLE_LOADER = "$(TEST_HOST)";
				FRAMEWORK_SEARCH_PATHS = (
					"$(SDKROOT)/Developer/Library/Frameworks",
					"$(inherited)",
				);
				INFOPLIST_FILE = "WoT-WN8-WTests/Info.plist";
				LD_RUNPATH_SEARCH_PATHS = "$(inherited) @executable_path/Frameworks @loader_path/Frameworks";
				PRODUCT_NAME = "$(TARGET_NAME)";
				TEST_HOST = "$(BUILT_PRODUCTS_DIR)/WoT-WN8-W.app/WoT-WN8-W";
			};
			name = Release;
		};
/* End XCBuildConfiguration section */

/* Begin XCConfigurationList section */
		0B876B981B14A328001CAE22 /* Build configuration list for PBXProject "WoT-WN8-W" */ = {
			isa = XCConfigurationList;
			buildConfigurations = (
				0B876BBA1B14A328001CAE22 /* Debug */,
				0B876BBB1B14A328001CAE22 /* Release */,
			);
			defaultConfigurationIsVisible = 0;
			defaultConfigurationName = Release;
		};
		0B876BBC1B14A328001CAE22 /* Build configuration list for PBXNativeTarget "WoT-WN8-W" */ = {
			isa = XCConfigurationList;
			buildConfigurations = (
				0B876BBD1B14A328001CAE22 /* Debug */,
				0B876BBE1B14A328001CAE22 /* Release */,
			);
			defaultConfigurationIsVisible = 0;
			defaultConfigurationName = Release;
		};
		0B876BBF1B14A328001CAE22 /* Build configuration list for PBXNativeTarget "WoT-WN8-WTests" */ = {
			isa = XCConfigurationList;
			buildConfigurations = (
				0B876BC01B14A328001CAE22 /* Debug */,
				0B876BC11B14A328001CAE22 /* Release */,
			);
			defaultConfigurationIsVisible = 0;
			defaultConfigurationName = Release;
		};
/* End XCConfigurationList section */
	};
	rootObject = 0B876B951B14A328001CAE22 /* Project object */;
}
